
Microsoft Visual Studio Solution File, Format Version 12.00
# Visual Studio Version 17
VisualStudioVersion = 17.7.34202.233
MinimumVisualStudioVersion = 10.0.40219.1
Project("{FAE04EC0-301F-11D3-BF4B-00C04F79EFBC}") = "WpfHelloNav", "WpfHelloNav.csproj", "{17343C82-6478-48ED-BF95-8BBB6E05902A}"
EndProject
Global
	GlobalSection(SolutionConfigurationPlatforms) = preSolution
		Debug|Any CPU = Debug|Any CPU
		Release|Any CPU = Release|Any CPU
	EndGlobalSection
	GlobalSection(ProjectConfigurationPlatforms) = postSolution
		{17343C82-6478-48ED-BF95-8BBB6E05902A}.Debug|Any CPU.ActiveCfg = Debug|Any CPU
		{17343C82-6478-48ED-BF95-8BBB6E05902A}.Debug|Any CPU.Build.0 = Debug|Any CPU
		{17343C82-6478-48ED-BF95-8BBB6E05902A}.Release|Any CPU.ActiveCfg = Release|Any CPU
		{17343C82-6478-48ED-BF95-8BBB6E05902A}.Release|Any CPU.Build.0 = Release|Any CPU
	EndGlobalSection
	GlobalSection(SolutionProperties) = preSolution
		HideSolutionNode = FALSE
	EndGlobalSection
	GlobalSection(ExtensibilityGlobals) = postSolution
		SolutionGuid = {D632E08A-CB5E-47F5-A55E-0ACC4852FC35}
	EndGlobalSection
EndGlobal
