
Microsoft Visual Studio Solution File, Format Version 12.00
# Visual Studio Version 17
VisualStudioVersion = 17.7.34202.233
MinimumVisualStudioVersion = 10.0.40219.1
Project("{FAE04EC0-301F-11D3-BF4B-00C04F79EFBC}") = "WpfRoutedEvent_1", "WpfRoutedEvent_1.csproj", "{1D2180C4-D628-4FF2-B9E2-3139F180A0C9}"
EndProject
Global
	GlobalSection(SolutionConfigurationPlatforms) = preSolution
		Debug|Any CPU = Debug|Any CPU
		Release|Any CPU = Release|Any CPU
	EndGlobalSection
	GlobalSection(ProjectConfigurationPlatforms) = postSolution
		{1D2180C4-D628-4FF2-B9E2-3139F180A0C9}.Debug|Any CPU.ActiveCfg = Debug|Any CPU
		{1D2180C4-D628-4FF2-B9E2-3139F180A0C9}.Debug|Any CPU.Build.0 = Debug|Any CPU
		{1D2180C4-D628-4FF2-B9E2-3139F180A0C9}.Release|Any CPU.ActiveCfg = Release|Any CPU
		{1D2180C4-D628-4FF2-B9E2-3139F180A0C9}.Release|Any CPU.Build.0 = Release|Any CPU
	EndGlobalSection
	GlobalSection(SolutionProperties) = preSolution
		HideSolutionNode = FALSE
	EndGlobalSection
	GlobalSection(ExtensibilityGlobals) = postSolution
		SolutionGuid = {BAE4BC43-777E-491A-AB25-F25D07E9C1A3}
	EndGlobalSection
EndGlobal
