
Microsoft Visual Studio Solution File, Format Version 12.00
# Visual Studio Version 17
VisualStudioVersion = 17.7.34202.233
MinimumVisualStudioVersion = 10.0.40219.1
Project("{FAE04EC0-301F-11D3-BF4B-00C04F79EFBC}") = "Rubber", "Rubber.csproj", "{11523679-D982-481C-8707-7952E6A474DA}"
EndProject
Global
	GlobalSection(SolutionConfigurationPlatforms) = preSolution
		Debug|Any CPU = Debug|Any CPU
		Release|Any CPU = Release|Any CPU
	EndGlobalSection
	GlobalSection(ProjectConfigurationPlatforms) = postSolution
		{11523679-D982-481C-8707-7952E6A474DA}.Debug|Any CPU.ActiveCfg = Debug|Any CPU
		{11523679-D982-481C-8707-7952E6A474DA}.Debug|Any CPU.Build.0 = Debug|Any CPU
		{11523679-D982-481C-8707-7952E6A474DA}.Release|Any CPU.ActiveCfg = Release|Any CPU
		{11523679-D982-481C-8707-7952E6A474DA}.Release|Any CPU.Build.0 = Release|Any CPU
	EndGlobalSection
	GlobalSection(SolutionProperties) = preSolution
		HideSolutionNode = FALSE
	EndGlobalSection
	GlobalSection(ExtensibilityGlobals) = postSolution
		SolutionGuid = {E95204B8-CABC-4D00-89CD-99C37ABAF342}
	EndGlobalSection
EndGlobal
