
Microsoft Visual Studio Solution File, Format Version 12.00
# Visual Studio Version 17
VisualStudioVersion = 17.7.34202.233
MinimumVisualStudioVersion = 10.0.40219.1
Project("{FAE04EC0-301F-11D3-BF4B-00C04F79EFBC}") = "WinFormsExcel", "WinFormsExcel.csproj", "{66CB9E9D-1E84-4AC5-B916-703550A16EA1}"
EndProject
Global
	GlobalSection(SolutionConfigurationPlatforms) = preSolution
		Debug|Any CPU = Debug|Any CPU
		Release|Any CPU = Release|Any CPU
	EndGlobalSection
	GlobalSection(ProjectConfigurationPlatforms) = postSolution
		{66CB9E9D-1E84-4AC5-B916-703550A16EA1}.Debug|Any CPU.ActiveCfg = Debug|Any CPU
		{66CB9E9D-1E84-4AC5-B916-703550A16EA1}.Debug|Any CPU.Build.0 = Debug|Any CPU
		{66CB9E9D-1E84-4AC5-B916-703550A16EA1}.Release|Any CPU.ActiveCfg = Release|Any CPU
		{66CB9E9D-1E84-4AC5-B916-703550A16EA1}.Release|Any CPU.Build.0 = Release|Any CPU
	EndGlobalSection
	GlobalSection(SolutionProperties) = preSolution
		HideSolutionNode = FALSE
	EndGlobalSection
	GlobalSection(ExtensibilityGlobals) = postSolution
		SolutionGuid = {6ACC34DC-D46D-40DF-A7F1-E4C5865C5978}
	EndGlobalSection
EndGlobal
