
Microsoft Visual Studio Solution File, Format Version 12.00
# Visual Studio Version 17
VisualStudioVersion = 17.7.34202.233
MinimumVisualStudioVersion = 10.0.40219.1
Project("{FAE04EC0-301F-11D3-BF4B-00C04F79EFBC}") = "WinAsynchMethod", "WinAsynchMethod.csproj", "{8B9DB38B-7C3D-4F58-AA89-1EB07385BE73}"
EndProject
Global
	GlobalSection(SolutionConfigurationPlatforms) = preSolution
		Debug|Any CPU = Debug|Any CPU
		Release|Any CPU = Release|Any CPU
	EndGlobalSection
	GlobalSection(ProjectConfigurationPlatforms) = postSolution
		{8B9DB38B-7C3D-4F58-AA89-1EB07385BE73}.Debug|Any CPU.ActiveCfg = Debug|Any CPU
		{8B9DB38B-7C3D-4F58-AA89-1EB07385BE73}.Debug|Any CPU.Build.0 = Debug|Any CPU
		{8B9DB38B-7C3D-4F58-AA89-1EB07385BE73}.Release|Any CPU.ActiveCfg = Release|Any CPU
		{8B9DB38B-7C3D-4F58-AA89-1EB07385BE73}.Release|Any CPU.Build.0 = Release|Any CPU
	EndGlobalSection
	GlobalSection(SolutionProperties) = preSolution
		HideSolutionNode = FALSE
	EndGlobalSection
	GlobalSection(ExtensibilityGlobals) = postSolution
		SolutionGuid = {1336DC21-D128-42E5-A8F2-C4EB82FAB419}
	EndGlobalSection
EndGlobal
